// !$*UTF8*$!
{
	archiveVersion = 1;
	classes = {
	};
	objectVersion = 77;
	objects = {

/* Begin PBXBuildFile section */
		C718CAF82D8D9CE600766E8D /* AVFoundation.framework in Frameworks */ = {isa = PBXBuildFile; fileRef = C718CAF72D8D9CE600766E8D /* AVFoundation.framework */; };
		C718CAFA2D8D9CF900766E8D /* AudioToolbox.framework in Frameworks */ = {isa = PBXBuildFile; fileRef = C718CAF92D8D9CF900766E8D /* AudioToolbox.framework */; };
		C718CAFC2D8D9D4B00766E8D /* libbz2.tbd in Frameworks */ = {isa = PBXBuildFile; fileRef = C718CAFB2D8D9D4B00766E8D /* libbz2.tbd */; };
		C718CAFE2D8D9D5A00766E8D /* libz.tbd in Frameworks */ = {isa = PBXBuildFile; fileRef = C718CAFD2D8D9D5A00766E8D /* libz.tbd */; };
		C718CB002D8D9D6800766E8D /* libiconv.tbd in Frameworks */ = {isa = PBXBuildFile; fileRef = C718CAFF2D8D9D6800766E8D /* libiconv.tbd */; };
		C718CB022D8D9DDC00766E8D /* CoreMedia.framework in Frameworks */ = {isa = PBXBuildFile; fileRef = C718CB012D8D9DDC00766E8D /* CoreMedia.framework */; };
		C718CB042D8D9DE400766E8D /* VideoToolbox.framework in Frameworks */ = {isa = PBXBuildFile; fileRef = C718CB032D8D9DE400766E8D /* VideoToolbox.framework */; };
		C778633D2D9C085700B08C0C /* MetalKit.framework in Frameworks */ = {isa = PBXBuildFile; fileRef = C778633C2D9C085700B08C0C /* MetalKit.framework */; };
		C77863432D9C17AB00B08C0C /* Metal.framework in Frameworks */ = {isa = PBXBuildFile; fileRef = C77863422D9C17AB00B08C0C /* Metal.framework */; };
		C77863452D9C1D0F00B08C0C /* helloplayer.framework in Frameworks */ = {isa = PBXBuildFile; fileRef = C752820A2D8D8FB800144BB4 /* helloplayer.framework */; };
		C77863462D9C1D0F00B08C0C /* helloplayer.framework in Embed Frameworks */ = {isa = PBXBuildFile; fileRef = C752820A2D8D8FB800144BB4 /* helloplayer.framework */; settings = {ATTRIBUTES = (CodeSignOnCopy, RemoveHeadersOnCopy, ); }; };
		C7D8A56A2D9241910037F22E /* helloplayer3rdpart.xcframework in Frameworks */ = {isa = PBXBuildFile; fileRef = C7D8A5692D9241910037F22E /* helloplayer3rdpart.xcframework */; };
		C7D8A56C2D924A860037F22E /* libc++.1.tbd in Frameworks */ = {isa = PBXBuildFile; fileRef = C7D8A56B2D924A860037F22E /* libc++.1.tbd */; };
/* End PBXBuildFile section */

/* Begin PBXCopyFilesBuildPhase section */
		C77863472D9C1D0F00B08C0C /* Embed Frameworks */ = {
			isa = PBXCopyFilesBuildPhase;
			buildActionMask = 2147483647;
			dstPath = "";
			dstSubfolderSpec = 10;
			files = (
				C77863462D9C1D0F00B08C0C /* helloplayer.framework in Embed Frameworks */,
			);
			name = "Embed Frameworks";
			runOnlyForDeploymentPostprocessing = 0;
		};
/* End PBXCopyFilesBuildPhase section */

/* Begin PBXFileReference section */
		C718CAF72D8D9CE600766E8D /* AVFoundation.framework */ = {isa = PBXFileReference; lastKnownFileType = wrapper.framework; name = AVFoundation.framework; path = System/Library/Frameworks/AVFoundation.framework; sourceTree = SDKROOT; };
		C718CAF92D8D9CF900766E8D /* AudioToolbox.framework */ = {isa = PBXFileReference; lastKnownFileType = wrapper.framework; name = AudioToolbox.framework; path = System/Library/Frameworks/AudioToolbox.framework; sourceTree = SDKROOT; };
		C718CAFB2D8D9D4B00766E8D /* libbz2.tbd */ = {isa = PBXFileReference; lastKnownFileType = "sourcecode.text-based-dylib-definition"; name = libbz2.tbd; path = usr/lib/libbz2.tbd; sourceTree = SDKROOT; };
		C718CAFD2D8D9D5A00766E8D /* libz.tbd */ = {isa = PBXFileReference; lastKnownFileType = "sourcecode.text-based-dylib-definition"; name = libz.tbd; path = usr/lib/libz.tbd; sourceTree = SDKROOT; };
		C718CAFF2D8D9D6800766E8D /* libiconv.tbd */ = {isa = PBXFileReference; lastKnownFileType = "sourcecode.text-based-dylib-definition"; name = libiconv.tbd; path = usr/lib/libiconv.tbd; sourceTree = SDKROOT; };
		C718CB012D8D9DDC00766E8D /* CoreMedia.framework */ = {isa = PBXFileReference; lastKnownFileType = wrapper.framework; name = CoreMedia.framework; path = System/Library/Frameworks/CoreMedia.framework; sourceTree = SDKROOT; };
		C718CB032D8D9DE400766E8D /* VideoToolbox.framework */ = {isa = PBXFileReference; lastKnownFileType = wrapper.framework; name = VideoToolbox.framework; path = System/Library/Frameworks/VideoToolbox.framework; sourceTree = SDKROOT; };
		C75281D72D8D8F6800144BB4 /* example.app */ = {isa = PBXFileReference; explicitFileType = wrapper.application; includeInIndex = 0; path = example.app; sourceTree = BUILT_PRODUCTS_DIR; };
		C752820A2D8D8FB800144BB4 /* helloplayer.framework */ = {isa = PBXFileReference; explicitFileType = wrapper.framework; path = helloplayer.framework; sourceTree = BUILT_PRODUCTS_DIR; };
		C778633C2D9C085700B08C0C /* MetalKit.framework */ = {isa = PBXFileReference; lastKnownFileType = wrapper.framework; name = MetalKit.framework; path = System/Library/Frameworks/MetalKit.framework; sourceTree = SDKROOT; };
		C77863422D9C17AB00B08C0C /* Metal.framework */ = {isa = PBXFileReference; lastKnownFileType = wrapper.framework; name = Metal.framework; path = System/Library/Frameworks/Metal.framework; sourceTree = SDKROOT; };
		C7D8A5692D9241910037F22E /* helloplayer3rdpart.xcframework */ = {isa = PBXFileReference; lastKnownFileType = wrapper.xcframework; name = helloplayer3rdpart.xcframework; path = ../../../3rdpart/ios/helloplayer3rdpart.xcframework; sourceTree = "<absolute>"; };
		C7D8A56B2D924A860037F22E /* libc++.1.tbd */ = {isa = PBXFileReference; lastKnownFileType = "sourcecode.text-based-dylib-definition"; name = "libc++.1.tbd"; path = "usr/lib/libc++.1.tbd"; sourceTree = SDKROOT; };
/* End PBXFileReference section */

/* Begin PBXFileSystemSynchronizedBuildFileExceptionSet section */
		C75281EE2D8D8F6900144BB4 /* Exceptions for "example" folder in "example" target */ = {
			isa = PBXFileSystemSynchronizedBuildFileExceptionSet;
			membershipExceptions = (
				Info.plist,
			);
			target = C75281D62D8D8F6800144BB4 /* example */;
		};
/* End PBXFileSystemSynchronizedBuildFileExceptionSet section */

/* Begin PBXFileSystemSynchronizedRootGroup section */
		C75281D92D8D8F6800144BB4 /* example */ = {
			isa = PBXFileSystemSynchronizedRootGroup;
			exceptions = (
				C75281EE2D8D8F6900144BB4 /* Exceptions for "example" folder in "example" target */,
			);
			path = example;
			sourceTree = "<group>";
		};
/* End PBXFileSystemSynchronizedRootGroup section */

/* Begin PBXFrameworksBuildPhase section */
		C75281D42D8D8F6800144BB4 /* Frameworks */ = {
			isa = PBXFrameworksBuildPhase;
			buildActionMask = 2147483647;
			files = (
				C77863432D9C17AB00B08C0C /* Metal.framework in Frameworks */,
				C778633D2D9C085700B08C0C /* MetalKit.framework in Frameworks */,
				C7D8A56C2D924A860037F22E /* libc++.1.tbd in Frameworks */,
				C7D8A56A2D9241910037F22E /* helloplayer3rdpart.xcframework in Frameworks */,
				C718CB042D8D9DE400766E8D /* VideoToolbox.framework in Frameworks */,
				C718CB022D8D9DDC00766E8D /* CoreMedia.framework in Frameworks */,
				C77863452D9C1D0F00B08C0C /* helloplayer.framework in Frameworks */,
				C718CB002D8D9D6800766E8D /* libiconv.tbd in Frameworks */,
				C718CAFE2D8D9D5A00766E8D /* libz.tbd in Frameworks */,
				C718CAFC2D8D9D4B00766E8D /* libbz2.tbd in Frameworks */,
				C718CAFA2D8D9CF900766E8D /* AudioToolbox.framework in Frameworks */,
				C718CAF82D8D9CE600766E8D /* AVFoundation.framework in Frameworks */,
			);
			runOnlyForDeploymentPostprocessing = 0;
		};
/* End PBXFrameworksBuildPhase section */

/* Begin PBXGroup section */
		C75281CE2D8D8F6800144BB4 = {
			isa = PBXGroup;
			children = (
				C75281D92D8D8F6800144BB4 /* example */,
				C75282092D8D8FB800144BB4 /* Frameworks */,
				C75281D82D8D8F6800144BB4 /* Products */,
			);
			sourceTree = "<group>";
		};
		C75281D82D8D8F6800144BB4 /* Products */ = {
			isa = PBXGroup;
			children = (
				C75281D72D8D8F6800144BB4 /* example.app */,
			);
			name = Products;
			sourceTree = "<group>";
		};
		C75282092D8D8FB800144BB4 /* Frameworks */ = {
			isa = PBXGroup;
			children = (
				C77863422D9C17AB00B08C0C /* Metal.framework */,
				C778633C2D9C085700B08C0C /* MetalKit.framework */,
				C7D8A56B2D924A860037F22E /* libc++.1.tbd */,
				C7D8A5692D9241910037F22E /* helloplayer3rdpart.xcframework */,
				C718CB032D8D9DE400766E8D /* VideoToolbox.framework */,
				C718CB012D8D9DDC00766E8D /* CoreMedia.framework */,
				C718CAFF2D8D9D6800766E8D /* libiconv.tbd */,
				C718CAFD2D8D9D5A00766E8D /* libz.tbd */,
				C718CAFB2D8D9D4B00766E8D /* libbz2.tbd */,
				C718CAF92D8D9CF900766E8D /* AudioToolbox.framework */,
				C718CAF72D8D9CE600766E8D /* AVFoundation.framework */,
				C752820A2D8D8FB800144BB4 /* helloplayer.framework */,
			);
			name = Frameworks;
			sourceTree = "<group>";
		};
/* End PBXGroup section */

/* Begin PBXNativeTarget section */
		C75281D62D8D8F6800144BB4 /* example */ = {
			isa = PBXNativeTarget;
			buildConfigurationList = C75281EF2D8D8F6900144BB4 /* Build configuration list for PBXNativeTarget "example" */;
			buildPhases = (
				C75281D32D8D8F6800144BB4 /* Sources */,
				C75281D42D8D8F6800144BB4 /* Frameworks */,
				C75281D52D8D8F6800144BB4 /* Resources */,
				C77863472D9C1D0F00B08C0C /* Embed Frameworks */,
			);
			buildRules = (
			);
			dependencies = (
			);
			fileSystemSynchronizedGroups = (
				C75281D92D8D8F6800144BB4 /* example */,
			);
			name = example;
			packageProductDependencies = (
			);
			productName = example;
			productReference = C75281D72D8D8F6800144BB4 /* example.app */;
			productType = "com.apple.product-type.application";
		};
/* End PBXNativeTarget section */

/* Begin PBXProject section */
		C75281CF2D8D8F6800144BB4 /* Project object */ = {
			isa = PBXProject;
			attributes = {
				BuildIndependentTargetsInParallel = 1;
				LastUpgradeCheck = 1620;
				TargetAttributes = {
					C75281D62D8D8F6800144BB4 = {
						CreatedOnToolsVersion = 16.2;
					};
				};
			};
			buildConfigurationList = C75281D22D8D8F6800144BB4 /* Build configuration list for PBXProject "example" */;
			developmentRegion = en;
			hasScannedForEncodings = 0;
			knownRegions = (
				en,
				Base,
			);
			mainGroup = C75281CE2D8D8F6800144BB4;
			minimizedProjectReferenceProxies = 1;
			preferredProjectObjectVersion = 77;
			productRefGroup = C75281D82D8D8F6800144BB4 /* Products */;
			projectDirPath = "";
			projectRoot = "";
			targets = (
				C75281D62D8D8F6800144BB4 /* example */,
			);
		};
/* End PBXProject section */

/* Begin PBXResourcesBuildPhase section */
		C75281D52D8D8F6800144BB4 /* Resources */ = {
			isa = PBXResourcesBuildPhase;
			buildActionMask = 2147483647;
			files = (
			);
			runOnlyForDeploymentPostprocessing = 0;
		};
/* End PBXResourcesBuildPhase section */

/* Begin PBXSourcesBuildPhase section */
		C75281D32D8D8F6800144BB4 /* Sources */ = {
			isa = PBXSourcesBuildPhase;
			buildActionMask = 2147483647;
			files = (
			);
			runOnlyForDeploymentPostprocessing = 0;
		};
/* End PBXSourcesBuildPhase section */

/* Begin XCBuildConfiguration section */
		C75281F02D8D8F6900144BB4 /* Debug */ = {
			isa = XCBuildConfiguration;
			buildSettings = {
				ARCHS = arm64;
				ASSETCATALOG_COMPILER_APPICON_NAME = AppIcon;
				ASSETCATALOG_COMPILER_GLOBAL_ACCENT_COLOR_NAME = AccentColor;
				"CODE_SIGN_IDENTITY[sdk=iphoneos*]" = "iPhone Developer";
				CODE_SIGN_STYLE = Manual;
				CURRENT_PROJECT_VERSION = 1;
				DEVELOPMENT_TEAM = "";
				"DEVELOPMENT_TEAM[sdk=iphoneos*]" = UK35ALF2YN;
				GENERATE_INFOPLIST_FILE = YES;
				HEADER_SEARCH_PATHS = (
					"\"$(SRCROOT)/../../../3rdpart/ios/helloplayer3rdpart.xcframework/ios-arm64/helloplayer3rdpart.framework/Headers\"",
					"\"$(SRCROOT)/../helloplayer/helloplayer/platform\"",
					"\"$(SRCROOT)/../helloplayer/helloplayer\"",
					"\"$(SRCROOT)/../../../framework\"",
				);
				INFOPLIST_FILE = example/Info.plist;
				INFOPLIST_KEY_CFBundleDisplayName = HelloPlayer;
				INFOPLIST_KEY_UIApplicationSupportsIndirectInputEvents = YES;
				INFOPLIST_KEY_UILaunchStoryboardName = LaunchScreen;
				INFOPLIST_KEY_UIMainStoryboardFile = Main;
				INFOPLIST_KEY_UISupportedInterfaceOrientations_iPad = "UIInterfaceOrientationPortrait UIInterfaceOrientationPortraitUpsideDown UIInterfaceOrientationLandscapeLeft UIInterfaceOrientationLandscapeRight";
				INFOPLIST_KEY_UISupportedInterfaceOrientations_iPhone = "UIInterfaceOrientationPortrait UIInterfaceOrientationLandscapeLeft UIInterfaceOrientationLandscapeRight";
				IPHONEOS_DEPLOYMENT_TARGET = 13.0;
				LD_RUNPATH_SEARCH_PATHS = (
					"$(inherited)",
					"@executable_path/Frameworks",
				);
				MARKETING_VERSION = 1.0;
				PRODUCT_BUNDLE_IDENTIFIER = dev.org.liaohailong.example;
				PRODUCT_NAME = "$(TARGET_NAME)";
				PROVISIONING_PROFILE_SPECIFIER = "";
				"PROVISIONING_PROFILE_SPECIFIER[sdk=iphoneos*]" = "dev.all - develop";
				SWIFT_EMIT_LOC_STRINGS = YES;
				TARGETED_DEVICE_FAMILY = "1,2";
			};
			name = Debug;
		};
		C75281F12D8D8F6900144BB4 /* Release */ = {
			isa = XCBuildConfiguration;
			buildSettings = {
				ARCHS = arm64;
				ASSETCATALOG_COMPILER_APPICON_NAME = AppIcon;
				ASSETCATALOG_COMPILER_GLOBAL_ACCENT_COLOR_NAME = AccentColor;
				"CODE_SIGN_IDENTITY[sdk=iphoneos*]" = "iPhone Developer";
				CODE_SIGN_STYLE = Manual;
				CURRENT_PROJECT_VERSION = 1;
				DEVELOPMENT_TEAM = "";
				"DEVELOPMENT_TEAM[sdk=iphoneos*]" = UK35ALF2YN;
				GENERATE_INFOPLIST_FILE = YES;
				HEADER_SEARCH_PATHS = (
					"\"$(SRCROOT)/../../../3rdpart/ios/helloplayer3rdpart.xcframework/ios-arm64/helloplayer3rdpart.framework/Headers\"",
					"\"$(SRCROOT)/../helloplayer/helloplayer/platform\"",
					"\"$(SRCROOT)/../helloplayer/helloplayer\"",
					"\"$(SRCROOT)/../../../framework\"",
				);
				INFOPLIST_FILE = example/Info.plist;
				INFOPLIST_KEY_CFBundleDisplayName = HelloPlayer;
				INFOPLIST_KEY_UIApplicationSupportsIndirectInputEvents = YES;
				INFOPLIST_KEY_UILaunchStoryboardName = LaunchScreen;
				INFOPLIST_KEY_UIMainStoryboardFile = Main;
				INFOPLIST_KEY_UISupportedInterfaceOrientations_iPad = "UIInterfaceOrientationPortrait UIInterfaceOrientationPortraitUpsideDown UIInterfaceOrientationLandscapeLeft UIInterfaceOrientationLandscapeRight";
				INFOPLIST_KEY_UISupportedInterfaceOrientations_iPhone = "UIInterfaceOrientationPortrait UIInterfaceOrientationLandscapeLeft UIInterfaceOrientationLandscapeRight";
				IPHONEOS_DEPLOYMENT_TARGET = 13.0;
				LD_RUNPATH_SEARCH_PATHS = (
					"$(inherited)",
					"@executable_path/Frameworks",
				);
				MARKETING_VERSION = 1.0;
				PRODUCT_BUNDLE_IDENTIFIER = dev.org.liaohailong.example;
				PRODUCT_NAME = "$(TARGET_NAME)";
				PROVISIONING_PROFILE_SPECIFIER = "";
				"PROVISIONING_PROFILE_SPECIFIER[sdk=iphoneos*]" = "dev.all - develop";
				SWIFT_EMIT_LOC_STRINGS = YES;
				TARGETED_DEVICE_FAMILY = "1,2";
			};
			name = Release;
		};
		C75281F22D8D8F6900144BB4 /* Debug */ = {
			isa = XCBuildConfiguration;
			buildSettings = {
				ALWAYS_SEARCH_USER_PATHS = NO;
				ASSETCATALOG_COMPILER_GENERATE_SWIFT_ASSET_SYMBOL_EXTENSIONS = YES;
				CLANG_ANALYZER_NONNULL = YES;
				CLANG_ANALYZER_NUMBER_OBJECT_CONVERSION = YES_AGGRESSIVE;
				CLANG_CXX_LANGUAGE_STANDARD = "gnu++20";
				CLANG_ENABLE_MODULES = YES;
				CLANG_ENABLE_OBJC_ARC = YES;
				CLANG_ENABLE_OBJC_WEAK = YES;
				CLANG_WARN_BLOCK_CAPTURE_AUTORELEASING = YES;
				CLANG_WARN_BOOL_CONVERSION = YES;
				CLANG_WARN_COMMA = YES;
				CLANG_WARN_CONSTANT_CONVERSION = YES;
				CLANG_WARN_DEPRECATED_OBJC_IMPLEMENTATIONS = YES;
				CLANG_WARN_DIRECT_OBJC_ISA_USAGE = YES_ERROR;
				CLANG_WARN_DOCUMENTATION_COMMENTS = YES;
				CLANG_WARN_EMPTY_BODY = YES;
				CLANG_WARN_ENUM_CONVERSION = YES;
				CLANG_WARN_INFINITE_RECURSION = YES;
				CLANG_WARN_INT_CONVERSION = YES;
				CLANG_WARN_NON_LITERAL_NULL_CONVERSION = YES;
				CLANG_WARN_OBJC_IMPLICIT_RETAIN_SELF = YES;
				CLANG_WARN_OBJC_LITERAL_CONVERSION = YES;
				CLANG_WARN_OBJC_ROOT_CLASS = YES_ERROR;
				CLANG_WARN_QUOTED_INCLUDE_IN_FRAMEWORK_HEADER = YES;
				CLANG_WARN_RANGE_LOOP_ANALYSIS = YES;
				CLANG_WARN_STRICT_PROTOTYPES = YES;
				CLANG_WARN_SUSPICIOUS_MOVE = YES;
				CLANG_WARN_UNGUARDED_AVAILABILITY = YES_AGGRESSIVE;
				CLANG_WARN_UNREACHABLE_CODE = YES;
				CLANG_WARN__DUPLICATE_METHOD_MATCH = YES;
				COPY_PHASE_STRIP = NO;
				DEBUG_INFORMATION_FORMAT = dwarf;
				ENABLE_STRICT_OBJC_MSGSEND = YES;
				ENABLE_TESTABILITY = YES;
				ENABLE_USER_SCRIPT_SANDBOXING = YES;
				GCC_C_LANGUAGE_STANDARD = gnu17;
				GCC_DYNAMIC_NO_PIC = NO;
				GCC_NO_COMMON_BLOCKS = YES;
				GCC_OPTIMIZATION_LEVEL = 0;
				GCC_PREPROCESSOR_DEFINITIONS = (
					"DEBUG=1",
					"$(inherited)",
				);
				GCC_WARN_64_TO_32_BIT_CONVERSION = YES;
				GCC_WARN_ABOUT_RETURN_TYPE = YES_ERROR;
				GCC_WARN_UNDECLARED_SELECTOR = YES;
				GCC_WARN_UNINITIALIZED_AUTOS = YES_AGGRESSIVE;
				GCC_WARN_UNUSED_FUNCTION = YES;
				GCC_WARN_UNUSED_VARIABLE = YES;
				IPHONEOS_DEPLOYMENT_TARGET = 18.2;
				LOCALIZATION_PREFERS_STRING_CATALOGS = YES;
				MTL_ENABLE_DEBUG_INFO = INCLUDE_SOURCE;
				MTL_FAST_MATH = YES;
				ONLY_ACTIVE_ARCH = YES;
				SDKROOT = iphoneos;
			};
			name = Debug;
		};
		C75281F32D8D8F6900144BB4 /* Release */ = {
			isa = XCBuildConfiguration;
			buildSettings = {
				ALWAYS_SEARCH_USER_PATHS = NO;
				ASSETCATALOG_COMPILER_GENERATE_SWIFT_ASSET_SYMBOL_EXTENSIONS = YES;
				CLANG_ANALYZER_NONNULL = YES;
				CLANG_ANALYZER_NUMBER_OBJECT_CONVERSION = YES_AGGRESSIVE;
				CLANG_CXX_LANGUAGE_STANDARD = "gnu++20";
				CLANG_ENABLE_MODULES = YES;
				CLANG_ENABLE_OBJC_ARC = YES;
				CLANG_ENABLE_OBJC_WEAK = YES;
				CLANG_WARN_BLOCK_CAPTURE_AUTORELEASING = YES;
				CLANG_WARN_BOOL_CONVERSION = YES;
				CLANG_WARN_COMMA = YES;
				CLANG_WARN_CONSTANT_CONVERSION = YES;
				CLANG_WARN_DEPRECATED_OBJC_IMPLEMENTATIONS = YES;
				CLANG_WARN_DIRECT_OBJC_ISA_USAGE = YES_ERROR;
				CLANG_WARN_DOCUMENTATION_COMMENTS = YES;
				CLANG_WARN_EMPTY_BODY = YES;
				CLANG_WARN_ENUM_CONVERSION = YES;
				CLANG_WARN_INFINITE_RECURSION = YES;
				CLANG_WARN_INT_CONVERSION = YES;
				CLANG_WARN_NON_LITERAL_NULL_CONVERSION = YES;
				CLANG_WARN_OBJC_IMPLICIT_RETAIN_SELF = YES;
				CLANG_WARN_OBJC_LITERAL_CONVERSION = YES;
				CLANG_WARN_OBJC_ROOT_CLASS = YES_ERROR;
				CLANG_WARN_QUOTED_INCLUDE_IN_FRAMEWORK_HEADER = YES;
				CLANG_WARN_RANGE_LOOP_ANALYSIS = YES;
				CLANG_WARN_STRICT_PROTOTYPES = YES;
				CLANG_WARN_SUSPICIOUS_MOVE = YES;
				CLANG_WARN_UNGUARDED_AVAILABILITY = YES_AGGRESSIVE;
				CLANG_WARN_UNREACHABLE_CODE = YES;
				CLANG_WARN__DUPLICATE_METHOD_MATCH = YES;
				COPY_PHASE_STRIP = NO;
				DEBUG_INFORMATION_FORMAT = "dwarf-with-dsym";
				ENABLE_NS_ASSERTIONS = NO;
				ENABLE_STRICT_OBJC_MSGSEND = YES;
				ENABLE_USER_SCRIPT_SANDBOXING = YES;
				GCC_C_LANGUAGE_STANDARD = gnu17;
				GCC_NO_COMMON_BLOCKS = YES;
				GCC_WARN_64_TO_32_BIT_CONVERSION = YES;
				GCC_WARN_ABOUT_RETURN_TYPE = YES_ERROR;
				GCC_WARN_UNDECLARED_SELECTOR = YES;
				GCC_WARN_UNINITIALIZED_AUTOS = YES_AGGRESSIVE;
				GCC_WARN_UNUSED_FUNCTION = YES;
				GCC_WARN_UNUSED_VARIABLE = YES;
				IPHONEOS_DEPLOYMENT_TARGET = 18.2;
				LOCALIZATION_PREFERS_STRING_CATALOGS = YES;
				MTL_ENABLE_DEBUG_INFO = NO;
				MTL_FAST_MATH = YES;
				SDKROOT = iphoneos;
				VALIDATE_PRODUCT = YES;
			};
			name = Release;
		};
/* End XCBuildConfiguration section */

/* Begin XCConfigurationList section */
		C75281D22D8D8F6800144BB4 /* Build configuration list for PBXProject "example" */ = {
			isa = XCConfigurationList;
			buildConfigurations = (
				C75281F22D8D8F6900144BB4 /* Debug */,
				C75281F32D8D8F6900144BB4 /* Release */,
			);
			defaultConfigurationIsVisible = 0;
			defaultConfigurationName = Release;
		};
		C75281EF2D8D8F6900144BB4 /* Build configuration list for PBXNativeTarget "example" */ = {
			isa = XCConfigurationList;
			buildConfigurations = (
				C75281F02D8D8F6900144BB4 /* Debug */,
				C75281F12D8D8F6900144BB4 /* Release */,
			);
			defaultConfigurationIsVisible = 0;
			defaultConfigurationName = Release;
		};
/* End XCConfigurationList section */
	};
	rootObject = C75281CF2D8D8F6800144BB4 /* Project object */;
}
